
Microsoft Visual Studio Solution File, Format Version 12.00
# Visual Studio Version 17
VisualStudioVersion = 17.11.35303.130
MinimumVisualStudioVersion = 10.0.40219.1
Project("{9A19103F-16F7-4668-BE54-9A1E7A4F7556}") = "BookStore.Cart_WishList", "BookStore.Cart_WishList\BookStore.Cart_WishList.csproj", "{C710BAC3-6598-422F-A263-09F2BE8627CB}"
EndProject
Project("{9A19103F-16F7-4668-BE54-9A1E7A4F7556}") = "BookStore.Cart.Tests", "BookStore.Cart.Tests\BookStore.Cart.Tests.csproj", "{7BAED052-73A3-4480-9C9C-5EF8E98D692B}"
EndProject
Project("{FAE04EC0-301F-11D3-BF4B-00C04F79EFBC}") = "BookStore.WishList.Tests", "BookStore.WishList.Tests\BookStore.WishList.Tests.csproj", "{491783C6-B133-4DEF-BEE1-5023C53408C6}"
EndProject
Global
	GlobalSection(SolutionConfigurationPlatforms) = preSolution
		Debug|Any CPU = Debug|Any CPU
		Release|Any CPU = Release|Any CPU
	EndGlobalSection
	GlobalSection(ProjectConfigurationPlatforms) = postSolution
		{C710BAC3-6598-422F-A263-09F2BE8627CB}.Debug|Any CPU.ActiveCfg = Debug|Any CPU
		{C710BAC3-6598-422F-A263-09F2BE8627CB}.Debug|Any CPU.Build.0 = Debug|Any CPU
		{C710BAC3-6598-422F-A263-09F2BE8627CB}.Release|Any CPU.ActiveCfg = Release|Any CPU
		{C710BAC3-6598-422F-A263-09F2BE8627CB}.Release|Any CPU.Build.0 = Release|Any CPU
		{7BAED052-73A3-4480-9C9C-5EF8E98D692B}.Debug|Any CPU.ActiveCfg = Debug|Any CPU
		{7BAED052-73A3-4480-9C9C-5EF8E98D692B}.Debug|Any CPU.Build.0 = Debug|Any CPU
		{7BAED052-73A3-4480-9C9C-5EF8E98D692B}.Release|Any CPU.ActiveCfg = Release|Any CPU
		{7BAED052-73A3-4480-9C9C-5EF8E98D692B}.Release|Any CPU.Build.0 = Release|Any CPU
		{491783C6-B133-4DEF-BEE1-5023C53408C6}.Debug|Any CPU.ActiveCfg = Debug|Any CPU
		{491783C6-B133-4DEF-BEE1-5023C53408C6}.Debug|Any CPU.Build.0 = Debug|Any CPU
		{491783C6-B133-4DEF-BEE1-5023C53408C6}.Release|Any CPU.ActiveCfg = Release|Any CPU
		{491783C6-B133-4DEF-BEE1-5023C53408C6}.Release|Any CPU.Build.0 = Release|Any CPU
	EndGlobalSection
	GlobalSection(SolutionProperties) = preSolution
		HideSolutionNode = FALSE
	EndGlobalSection
	GlobalSection(ExtensibilityGlobals) = postSolution
		SolutionGuid = {97377504-E566-4506-8BBC-BBDCB353D037}
	EndGlobalSection
EndGlobal
